// !$*UTF8*$!
{
	archiveVersion = 1;
	classes = {
	};
	objectVersion = 46;
	objects = {

/* Begin PBXBuildFile section */
		063B2B6D1C98FC4A00A5039C /* NavJsViewController.swift in Sources */ = {isa = PBXBuildFile; fileRef = 063B2B6A1C98FC4A00A5039C /* NavJsViewController.swift */; };
		063B2B6E1C98FC4A00A5039C /* NavJsViewController.xib in Resources */ = {isa = PBXBuildFile; fileRef = 063B2B6B1C98FC4A00A5039C /* NavJsViewController.xib */; };
		063B2B6F1C98FC4A00A5039C /* navjs_bootstrap.js in Resources */ = {isa = PBXBuildFile; fileRef = 063B2B6C1C98FC4A00A5039C /* navjs_bootstrap.js */; };
		063B2B721C990DE000A5039C /* DemoNavJsViewController.swift in Sources */ = {isa = PBXBuildFile; fileRef = 063B2B701C990DE000A5039C /* DemoNavJsViewController.swift */; };
		063B2B731C990DE000A5039C /* DemoNavJsViewController.xib in Resources */ = {isa = PBXBuildFile; fileRef = 063B2B711C990DE000A5039C /* DemoNavJsViewController.xib */; };
		063B2B771C994B1B00A5039C /* index.html in Resources */ = {isa = PBXBuildFile; fileRef = 063B2B761C994B1B00A5039C /* index.html */; };
		066567461C97CF87008AF118 /* AppDelegate.swift in Sources */ = {isa = PBXBuildFile; fileRef = 066567451C97CF87008AF118 /* AppDelegate.swift */; };
		066567481C97CF87008AF118 /* ViewController.swift in Sources */ = {isa = PBXBuildFile; fileRef = 066567471C97CF87008AF118 /* ViewController.swift */; };
		0665674B1C97CF87008AF118 /* Main.storyboard in Resources */ = {isa = PBXBuildFile; fileRef = 066567491C97CF87008AF118 /* Main.storyboard */; };
		0665674D1C97CF87008AF118 /* Assets.xcassets in Resources */ = {isa = PBXBuildFile; fileRef = 0665674C1C97CF87008AF118 /* Assets.xcassets */; };
		066567501C97CF87008AF118 /* LaunchScreen.storyboard in Resources */ = {isa = PBXBuildFile; fileRef = 0665674E1C97CF87008AF118 /* LaunchScreen.storyboard */; };
		0665675B1C97CF88008AF118 /* NavJsSwiftDemoTests.swift in Sources */ = {isa = PBXBuildFile; fileRef = 0665675A1C97CF88008AF118 /* NavJsSwiftDemoTests.swift */; };
		066567661C97CF88008AF118 /* NavJsSwiftDemoUITests.swift in Sources */ = {isa = PBXBuildFile; fileRef = 066567651C97CF88008AF118 /* NavJsSwiftDemoUITests.swift */; };
/* End PBXBuildFile section */

/* Begin PBXContainerItemProxy section */
		066567571C97CF87008AF118 /* PBXContainerItemProxy */ = {
			isa = PBXContainerItemProxy;
			containerPortal = 0665673A1C97CF87008AF118 /* Project object */;
			proxyType = 1;
			remoteGlobalIDString = 066567411C97CF87008AF118;
			remoteInfo = NavJsSwiftDemo;
		};
		066567621C97CF88008AF118 /* PBXContainerItemProxy */ = {
			isa = PBXContainerItemProxy;
			containerPortal = 0665673A1C97CF87008AF118 /* Project object */;
			proxyType = 1;
			remoteGlobalIDString = 066567411C97CF87008AF118;
			remoteInfo = NavJsSwiftDemo;
		};
/* End PBXContainerItemProxy section */

/* Begin PBXFileReference section */
		063B2B6A1C98FC4A00A5039C /* NavJsViewController.swift */ = {isa = PBXFileReference; fileEncoding = 4; lastKnownFileType = sourcecode.swift; path = NavJsViewController.swift; sourceTree = "<group>"; };
		063B2B6B1C98FC4A00A5039C /* NavJsViewController.xib */ = {isa = PBXFileReference; fileEncoding = 4; lastKnownFileType = file.xib; path = NavJsViewController.xib; sourceTree = "<group>"; };
		063B2B6C1C98FC4A00A5039C /* navjs_bootstrap.js */ = {isa = PBXFileReference; fileEncoding = 4; lastKnownFileType = sourcecode.javascript; path = navjs_bootstrap.js; sourceTree = "<group>"; };
		063B2B701C990DE000A5039C /* DemoNavJsViewController.swift */ = {isa = PBXFileReference; fileEncoding = 4; lastKnownFileType = sourcecode.swift; path = DemoNavJsViewController.swift; sourceTree = "<group>"; };
		063B2B711C990DE000A5039C /* DemoNavJsViewController.xib */ = {isa = PBXFileReference; fileEncoding = 4; lastKnownFileType = file.xib; path = DemoNavJsViewController.xib; sourceTree = "<group>"; };
		063B2B761C994B1B00A5039C /* index.html */ = {isa = PBXFileReference; fileEncoding = 4; lastKnownFileType = text.html; path = index.html; sourceTree = "<group>"; };
		066567421C97CF87008AF118 /* NavJsSwiftDemo.app */ = {isa = PBXFileReference; explicitFileType = wrapper.application; includeInIndex = 0; path = NavJsSwiftDemo.app; sourceTree = BUILT_PRODUCTS_DIR; };
		066567451C97CF87008AF118 /* AppDelegate.swift */ = {isa = PBXFileReference; lastKnownFileType = sourcecode.swift; path = AppDelegate.swift; sourceTree = "<group>"; };
		066567471C97CF87008AF118 /* ViewController.swift */ = {isa = PBXFileReference; lastKnownFileType = sourcecode.swift; path = ViewController.swift; sourceTree = "<group>"; };
		0665674A1C97CF87008AF118 /* Base */ = {isa = PBXFileReference; lastKnownFileType = file.storyboard; name = Base; path = Base.lproj/Main.storyboard; sourceTree = "<group>"; };
		0665674C1C97CF87008AF118 /* Assets.xcassets */ = {isa = PBXFileReference; lastKnownFileType = folder.assetcatalog; path = Assets.xcassets; sourceTree = "<group>"; };
		0665674F1C97CF87008AF118 /* Base */ = {isa = PBXFileReference; lastKnownFileType = file.storyboard; name = Base; path = Base.lproj/LaunchScreen.storyboard; sourceTree = "<group>"; };
		066567511C97CF87008AF118 /* Info.plist */ = {isa = PBXFileReference; lastKnownFileType = text.plist.xml; path = Info.plist; sourceTree = "<group>"; };
		066567561C97CF87008AF118 /* NavJsSwiftDemoTests.xctest */ = {isa = PBXFileReference; explicitFileType = wrapper.cfbundle; includeInIndex = 0; path = NavJsSwiftDemoTests.xctest; sourceTree = BUILT_PRODUCTS_DIR; };
		0665675A1C97CF88008AF118 /* NavJsSwiftDemoTests.swift */ = {isa = PBXFileReference; lastKnownFileType = sourcecode.swift; path = NavJsSwiftDemoTests.swift; sourceTree = "<group>"; };
		0665675C1C97CF88008AF118 /* Info.plist */ = {isa = PBXFileReference; lastKnownFileType = text.plist.xml; path = Info.plist; sourceTree = "<group>"; };
		066567611C97CF88008AF118 /* NavJsSwiftDemoUITests.xctest */ = {isa = PBXFileReference; explicitFileType = wrapper.cfbundle; includeInIndex = 0; path = NavJsSwiftDemoUITests.xctest; sourceTree = BUILT_PRODUCTS_DIR; };
		066567651C97CF88008AF118 /* NavJsSwiftDemoUITests.swift */ = {isa = PBXFileReference; lastKnownFileType = sourcecode.swift; path = NavJsSwiftDemoUITests.swift; sourceTree = "<group>"; };
		066567671C97CF88008AF118 /* Info.plist */ = {isa = PBXFileReference; lastKnownFileType = text.plist.xml; path = Info.plist; sourceTree = "<group>"; };
/* End PBXFileReference section */

/* Begin PBXFrameworksBuildPhase section */
		0665673F1C97CF87008AF118 /* Frameworks */ = {
			isa = PBXFrameworksBuildPhase;
			buildActionMask = 2147483647;
			files = (
			);
			runOnlyForDeploymentPostprocessing = 0;
		};
		066567531C97CF87008AF118 /* Frameworks */ = {
			isa = PBXFrameworksBuildPhase;
			buildActionMask = 2147483647;
			files = (
			);
			runOnlyForDeploymentPostprocessing = 0;
		};
		0665675E1C97CF88008AF118 /* Frameworks */ = {
			isa = PBXFrameworksBuildPhase;
			buildActionMask = 2147483647;
			files = (
			);
			runOnlyForDeploymentPostprocessing = 0;
		};
/* End PBXFrameworksBuildPhase section */

/* Begin PBXGroup section */
		063B2B691C98FC4A00A5039C /* NavJsSwift */ = {
			isa = PBXGroup;
			children = (
				063B2B751C994B1B00A5039C /* WebRoot */,
				063B2B6A1C98FC4A00A5039C /* NavJsViewController.swift */,
				063B2B6B1C98FC4A00A5039C /* NavJsViewController.xib */,
				063B2B6C1C98FC4A00A5039C /* navjs_bootstrap.js */,
			);
			name = NavJsSwift;
			path = ../../NavJsSwift;
			sourceTree = "<group>";
		};
		063B2B751C994B1B00A5039C /* WebRoot */ = {
			isa = PBXGroup;
			children = (
				063B2B761C994B1B00A5039C /* index.html */,
			);
			name = WebRoot;
			path = NavJsSwiftDemo/WebRoot;
			sourceTree = SOURCE_ROOT;
		};
		066567391C97CF87008AF118 = {
			isa = PBXGroup;
			children = (
				066567441C97CF87008AF118 /* NavJsSwiftDemo */,
				066567591C97CF87008AF118 /* NavJsSwiftDemoTests */,
				066567641C97CF88008AF118 /* NavJsSwiftDemoUITests */,
				066567431C97CF87008AF118 /* Products */,
			);
			sourceTree = "<group>";
		};
		066567431C97CF87008AF118 /* Products */ = {
			isa = PBXGroup;
			children = (
				066567421C97CF87008AF118 /* NavJsSwiftDemo.app */,
				066567561C97CF87008AF118 /* NavJsSwiftDemoTests.xctest */,
				066567611C97CF88008AF118 /* NavJsSwiftDemoUITests.xctest */,
			);
			name = Products;
			sourceTree = "<group>";
		};
		066567441C97CF87008AF118 /* NavJsSwiftDemo */ = {
			isa = PBXGroup;
			children = (
				063B2B691C98FC4A00A5039C /* NavJsSwift */,
				066567451C97CF87008AF118 /* AppDelegate.swift */,
				066567471C97CF87008AF118 /* ViewController.swift */,
				066567491C97CF87008AF118 /* Main.storyboard */,
				0665674C1C97CF87008AF118 /* Assets.xcassets */,
				0665674E1C97CF87008AF118 /* LaunchScreen.storyboard */,
				066567511C97CF87008AF118 /* Info.plist */,
				063B2B701C990DE000A5039C /* DemoNavJsViewController.swift */,
				063B2B711C990DE000A5039C /* DemoNavJsViewController.xib */,
			);
			path = NavJsSwiftDemo;
			sourceTree = "<group>";
		};
		066567591C97CF87008AF118 /* NavJsSwiftDemoTests */ = {
			isa = PBXGroup;
			children = (
				0665675A1C97CF88008AF118 /* NavJsSwiftDemoTests.swift */,
				0665675C1C97CF88008AF118 /* Info.plist */,
			);
			path = NavJsSwiftDemoTests;
			sourceTree = "<group>";
		};
		066567641C97CF88008AF118 /* NavJsSwiftDemoUITests */ = {
			isa = PBXGroup;
			children = (
				066567651C97CF88008AF118 /* NavJsSwiftDemoUITests.swift */,
				066567671C97CF88008AF118 /* Info.plist */,
			);
			path = NavJsSwiftDemoUITests;
			sourceTree = "<group>";
		};
/* End PBXGroup section */

/* Begin PBXNativeTarget section */
		066567411C97CF87008AF118 /* NavJsSwiftDemo */ = {
			isa = PBXNativeTarget;
			buildConfigurationList = 0665676A1C97CF88008AF118 /* Build configuration list for PBXNativeTarget "NavJsSwiftDemo" */;
			buildPhases = (
				0665673E1C97CF87008AF118 /* Sources */,
				0665673F1C97CF87008AF118 /* Frameworks */,
				066567401C97CF87008AF118 /* Resources */,
			);
			buildRules = (
			);
			dependencies = (
			);
			name = NavJsSwiftDemo;
			productName = NavJsSwiftDemo;
			productReference = 066567421C97CF87008AF118 /* NavJsSwiftDemo.app */;
			productType = "com.apple.product-type.application";
		};
		066567551C97CF87008AF118 /* NavJsSwiftDemoTests */ = {
			isa = PBXNativeTarget;
			buildConfigurationList = 0665676D1C97CF88008AF118 /* Build configuration list for PBXNativeTarget "NavJsSwiftDemoTests" */;
			buildPhases = (
				066567521C97CF87008AF118 /* Sources */,
				066567531C97CF87008AF118 /* Frameworks */,
				066567541C97CF87008AF118 /* Resources */,
			);
			buildRules = (
			);
			dependencies = (
				066567581C97CF87008AF118 /* PBXTargetDependency */,
			);
			name = NavJsSwiftDemoTests;
			productName = NavJsSwiftDemoTests;
			productReference = 066567561C97CF87008AF118 /* NavJsSwiftDemoTests.xctest */;
			productType = "com.apple.product-type.bundle.unit-test";
		};
		066567601C97CF88008AF118 /* NavJsSwiftDemoUITests */ = {
			isa = PBXNativeTarget;
			buildConfigurationList = 066567701C97CF88008AF118 /* Build configuration list for PBXNativeTarget "NavJsSwiftDemoUITests" */;
			buildPhases = (
				0665675D1C97CF88008AF118 /* Sources */,
				0665675E1C97CF88008AF118 /* Frameworks */,
				0665675F1C97CF88008AF118 /* Resources */,
			);
			buildRules = (
			);
			dependencies = (
				066567631C97CF88008AF118 /* PBXTargetDependency */,
			);
			name = NavJsSwiftDemoUITests;
			productName = NavJsSwiftDemoUITests;
			productReference = 066567611C97CF88008AF118 /* NavJsSwiftDemoUITests.xctest */;
			productType = "com.apple.product-type.bundle.ui-testing";
		};
/* End PBXNativeTarget section */

/* Begin PBXProject section */
		0665673A1C97CF87008AF118 /* Project object */ = {
			isa = PBXProject;
			attributes = {
				LastSwiftUpdateCheck = 0720;
				LastUpgradeCheck = 0720;
				ORGANIZATIONNAME = Haobtc;
				TargetAttributes = {
					066567411C97CF87008AF118 = {
						CreatedOnToolsVersion = 7.2.1;
					};
					066567551C97CF87008AF118 = {
						CreatedOnToolsVersion = 7.2.1;
						TestTargetID = 066567411C97CF87008AF118;
					};
					066567601C97CF88008AF118 = {
						CreatedOnToolsVersion = 7.2.1;
						TestTargetID = 066567411C97CF87008AF118;
					};
				};
			};
			buildConfigurationList = 0665673D1C97CF87008AF118 /* Build configuration list for PBXProject "NavJsSwiftDemo" */;
			compatibilityVersion = "Xcode 3.2";
			developmentRegion = English;
			hasScannedForEncodings = 0;
			knownRegions = (
				en,
				Base,
			);
			mainGroup = 066567391C97CF87008AF118;
			productRefGroup = 066567431C97CF87008AF118 /* Products */;
			projectDirPath = "";
			projectRoot = "";
			targets = (
				066567411C97CF87008AF118 /* NavJsSwiftDemo */,
				066567551C97CF87008AF118 /* NavJsSwiftDemoTests */,
				066567601C97CF88008AF118 /* NavJsSwiftDemoUITests */,
			);
		};
/* End PBXProject section */

/* Begin PBXResourcesBuildPhase section */
		066567401C97CF87008AF118 /* Resources */ = {
			isa = PBXResourcesBuildPhase;
			buildActionMask = 2147483647;
			files = (
				063B2B771C994B1B00A5039C /* index.html in Resources */,
				063B2B6E1C98FC4A00A5039C /* NavJsViewController.xib in Resources */,
				066567501C97CF87008AF118 /* LaunchScreen.storyboard in Resources */,
				0665674D1C97CF87008AF118 /* Assets.xcassets in Resources */,
				063B2B731C990DE000A5039C /* DemoNavJsViewController.xib in Resources */,
				0665674B1C97CF87008AF118 /* Main.storyboard in Resources */,
				063B2B6F1C98FC4A00A5039C /* navjs_bootstrap.js in Resources */,
			);
			runOnlyForDeploymentPostprocessing = 0;
		};
		066567541C97CF87008AF118 /* Resources */ = {
			isa = PBXResourcesBuildPhase;
			buildActionMask = 2147483647;
			files = (
			);
			runOnlyForDeploymentPostprocessing = 0;
		};
		0665675F1C97CF88008AF118 /* Resources */ = {
			isa = PBXResourcesBuildPhase;
			buildActionMask = 2147483647;
			files = (
			);
			runOnlyForDeploymentPostprocessing = 0;
		};
/* End PBXResourcesBuildPhase section */

/* Begin PBXSourcesBuildPhase section */
		0665673E1C97CF87008AF118 /* Sources */ = {
			isa = PBXSourcesBuildPhase;
			buildActionMask = 2147483647;
			files = (
				066567481C97CF87008AF118 /* ViewController.swift in Sources */,
				063B2B6D1C98FC4A00A5039C /* NavJsViewController.swift in Sources */,
				063B2B721C990DE000A5039C /* DemoNavJsViewController.swift in Sources */,
				066567461C97CF87008AF118 /* AppDelegate.swift in Sources */,
			);
			runOnlyForDeploymentPostprocessing = 0;
		};
		066567521C97CF87008AF118 /* Sources */ = {
			isa = PBXSourcesBuildPhase;
			buildActionMask = 2147483647;
			files = (
				0665675B1C97CF88008AF118 /* NavJsSwiftDemoTests.swift in Sources */,
			);
			runOnlyForDeploymentPostprocessing = 0;
		};
		0665675D1C97CF88008AF118 /* Sources */ = {
			isa = PBXSourcesBuildPhase;
			buildActionMask = 2147483647;
			files = (
				066567661C97CF88008AF118 /* NavJsSwiftDemoUITests.swift in Sources */,
			);
			runOnlyForDeploymentPostprocessing = 0;
		};
/* End PBXSourcesBuildPhase section */

/* Begin PBXTargetDependency section */
		066567581C97CF87008AF118 /* PBXTargetDependency */ = {
			isa = PBXTargetDependency;
			target = 066567411C97CF87008AF118 /* NavJsSwiftDemo */;
			targetProxy = 066567571C97CF87008AF118 /* PBXContainerItemProxy */;
		};
		066567631C97CF88008AF118 /* PBXTargetDependency */ = {
			isa = PBXTargetDependency;
			target = 066567411C97CF87008AF118 /* NavJsSwiftDemo */;
			targetProxy = 066567621C97CF88008AF118 /* PBXContainerItemProxy */;
		};
/* End PBXTargetDependency section */

/* Begin PBXVariantGroup section */
		066567491C97CF87008AF118 /* Main.storyboard */ = {
			isa = PBXVariantGroup;
			children = (
				0665674A1C97CF87008AF118 /* Base */,
			);
			name = Main.storyboard;
			sourceTree = "<group>";
		};
		0665674E1C97CF87008AF118 /* LaunchScreen.storyboard */ = {
			isa = PBXVariantGroup;
			children = (
				0665674F1C97CF87008AF118 /* Base */,
			);
			name = LaunchScreen.storyboard;
			sourceTree = "<group>";
		};
/* End PBXVariantGroup section */

/* Begin XCBuildConfiguration section */
		066567681C97CF88008AF118 /* Debug */ = {
			isa = XCBuildConfiguration;
			buildSettings = {
				ALWAYS_SEARCH_USER_PATHS = NO;
				CLANG_CXX_LANGUAGE_STANDARD = "gnu++0x";
				CLANG_CXX_LIBRARY = "libc++";
				CLANG_ENABLE_MODULES = YES;
				CLANG_ENABLE_OBJC_ARC = YES;
				CLANG_WARN_BOOL_CONVERSION = YES;
				CLANG_WARN_CONSTANT_CONVERSION = YES;
				CLANG_WARN_DIRECT_OBJC_ISA_USAGE = YES_ERROR;
				CLANG_WARN_EMPTY_BODY = YES;
				CLANG_WARN_ENUM_CONVERSION = YES;
				CLANG_WARN_INT_CONVERSION = YES;
				CLANG_WARN_OBJC_ROOT_CLASS = YES_ERROR;
				CLANG_WARN_UNREACHABLE_CODE = YES;
				CLANG_WARN__DUPLICATE_METHOD_MATCH = YES;
				"CODE_SIGN_IDENTITY[sdk=iphoneos*]" = "iPhone Developer";
				COPY_PHASE_STRIP = NO;
				DEBUG_INFORMATION_FORMAT = dwarf;
				ENABLE_STRICT_OBJC_MSGSEND = YES;
				ENABLE_TESTABILITY = YES;
				GCC_C_LANGUAGE_STANDARD = gnu99;
				GCC_DYNAMIC_NO_PIC = NO;
				GCC_NO_COMMON_BLOCKS = YES;
				GCC_OPTIMIZATION_LEVEL = 0;
				GCC_PREPROCESSOR_DEFINITIONS = (
					"DEBUG=1",
					"$(inherited)",
				);
				GCC_WARN_64_TO_32_BIT_CONVERSION = YES;
				GCC_WARN_ABOUT_RETURN_TYPE = YES_ERROR;
				GCC_WARN_UNDECLARED_SELECTOR = YES;
				GCC_WARN_UNINITIALIZED_AUTOS = YES_AGGRESSIVE;
				GCC_WARN_UNUSED_FUNCTION = YES;
				GCC_WARN_UNUSED_VARIABLE = YES;
				IPHONEOS_DEPLOYMENT_TARGET = 9.2;
				MTL_ENABLE_DEBUG_INFO = YES;
				ONLY_ACTIVE_ARCH = YES;
				SDKROOT = iphoneos;
				SWIFT_OPTIMIZATION_LEVEL = "-Onone";
				TARGETED_DEVICE_FAMILY = "1,2";
			};
			name = Debug;
		};
		066567691C97CF88008AF118 /* Release */ = {
			isa = XCBuildConfiguration;
			buildSettings = {
				ALWAYS_SEARCH_USER_PATHS = NO;
				CLANG_CXX_LANGUAGE_STANDARD = "gnu++0x";
				CLANG_CXX_LIBRARY = "libc++";
				CLANG_ENABLE_MODULES = YES;
				CLANG_ENABLE_OBJC_ARC = YES;
				CLANG_WARN_BOOL_CONVERSION = YES;
				CLANG_WARN_CONSTANT_CONVERSION = YES;
				CLANG_WARN_DIRECT_OBJC_ISA_USAGE = YES_ERROR;
				CLANG_WARN_EMPTY_BODY = YES;
				CLANG_WARN_ENUM_CONVERSION = YES;
				CLANG_WARN_INT_CONVERSION = YES;
				CLANG_WARN_OBJC_ROOT_CLASS = YES_ERROR;
				CLANG_WARN_UNREACHABLE_CODE = YES;
				CLANG_WARN__DUPLICATE_METHOD_MATCH = YES;
				"CODE_SIGN_IDENTITY[sdk=iphoneos*]" = "iPhone Developer";
				COPY_PHASE_STRIP = NO;
				DEBUG_INFORMATION_FORMAT = "dwarf-with-dsym";
				ENABLE_NS_ASSERTIONS = NO;
				ENABLE_STRICT_OBJC_MSGSEND = YES;
				GCC_C_LANGUAGE_STANDARD = gnu99;
				GCC_NO_COMMON_BLOCKS = YES;
				GCC_WARN_64_TO_32_BIT_CONVERSION = YES;
				GCC_WARN_ABOUT_RETURN_TYPE = YES_ERROR;
				GCC_WARN_UNDECLARED_SELECTOR = YES;
				GCC_WARN_UNINITIALIZED_AUTOS = YES_AGGRESSIVE;
				GCC_WARN_UNUSED_FUNCTION = YES;
				GCC_WARN_UNUSED_VARIABLE = YES;
				IPHONEOS_DEPLOYMENT_TARGET = 9.2;
				MTL_ENABLE_DEBUG_INFO = NO;
				SDKROOT = iphoneos;
				TARGETED_DEVICE_FAMILY = "1,2";
				VALIDATE_PRODUCT = YES;
			};
			name = Release;
		};
		0665676B1C97CF88008AF118 /* Debug */ = {
			isa = XCBuildConfiguration;
			buildSettings = {
				ASSETCATALOG_COMPILER_APPICON_NAME = AppIcon;
				INFOPLIST_FILE = NavJsSwiftDemo/Info.plist;
				LD_RUNPATH_SEARCH_PATHS = "$(inherited) @executable_path/Frameworks";
				PRODUCT_BUNDLE_IDENTIFIER = com.haobtc.NavJsSwiftDemo;
				PRODUCT_NAME = "$(TARGET_NAME)";
			};
			name = Debug;
		};
		0665676C1C97CF88008AF118 /* Release */ = {
			isa = XCBuildConfiguration;
			buildSettings = {
				ASSETCATALOG_COMPILER_APPICON_NAME = AppIcon;
				INFOPLIST_FILE = NavJsSwiftDemo/Info.plist;
				LD_RUNPATH_SEARCH_PATHS = "$(inherited) @executable_path/Frameworks";
				PRODUCT_BUNDLE_IDENTIFIER = com.haobtc.NavJsSwiftDemo;
				PRODUCT_NAME = "$(TARGET_NAME)";
			};
			name = Release;
		};
		0665676E1C97CF88008AF118 /* Debug */ = {
			isa = XCBuildConfiguration;
			buildSettings = {
				BUNDLE_LOADER = "$(TEST_HOST)";
				INFOPLIST_FILE = NavJsSwiftDemoTests/Info.plist;
				LD_RUNPATH_SEARCH_PATHS = "$(inherited) @executable_path/Frameworks @loader_path/Frameworks";
				PRODUCT_BUNDLE_IDENTIFIER = com.haobtc.NavJsSwiftDemoTests;
				PRODUCT_NAME = "$(TARGET_NAME)";
				TEST_HOST = "$(BUILT_PRODUCTS_DIR)/NavJsSwiftDemo.app/NavJsSwiftDemo";
			};
			name = Debug;
		};
		0665676F1C97CF88008AF118 /* Release */ = {
			isa = XCBuildConfiguration;
			buildSettings = {
				BUNDLE_LOADER = "$(TEST_HOST)";
				INFOPLIST_FILE = NavJsSwiftDemoTests/Info.plist;
				LD_RUNPATH_SEARCH_PATHS = "$(inherited) @executable_path/Frameworks @loader_path/Frameworks";
				PRODUCT_BUNDLE_IDENTIFIER = com.haobtc.NavJsSwiftDemoTests;
				PRODUCT_NAME = "$(TARGET_NAME)";
				TEST_HOST = "$(BUILT_PRODUCTS_DIR)/NavJsSwiftDemo.app/NavJsSwiftDemo";
			};
			name = Release;
		};
		066567711C97CF88008AF118 /* Debug */ = {
			isa = XCBuildConfiguration;
			buildSettings = {
				INFOPLIST_FILE = NavJsSwiftDemoUITests/Info.plist;
				LD_RUNPATH_SEARCH_PATHS = "$(inherited) @executable_path/Frameworks @loader_path/Frameworks";
				PRODUCT_BUNDLE_IDENTIFIER = com.haobtc.NavJsSwiftDemoUITests;
				PRODUCT_NAME = "$(TARGET_NAME)";
				TEST_TARGET_NAME = NavJsSwiftDemo;
				USES_XCTRUNNER = YES;
			};
			name = Debug;
		};
		066567721C97CF88008AF118 /* Release */ = {
			isa = XCBuildConfiguration;
			buildSettings = {
				INFOPLIST_FILE = NavJsSwiftDemoUITests/Info.plist;
				LD_RUNPATH_SEARCH_PATHS = "$(inherited) @executable_path/Frameworks @loader_path/Frameworks";
				PRODUCT_BUNDLE_IDENTIFIER = com.haobtc.NavJsSwiftDemoUITests;
				PRODUCT_NAME = "$(TARGET_NAME)";
				TEST_TARGET_NAME = NavJsSwiftDemo;
				USES_XCTRUNNER = YES;
			};
			name = Release;
		};
/* End XCBuildConfiguration section */

/* Begin XCConfigurationList section */
		0665673D1C97CF87008AF118 /* Build configuration list for PBXProject "NavJsSwiftDemo" */ = {
			isa = XCConfigurationList;
			buildConfigurations = (
				066567681C97CF88008AF118 /* Debug */,
				066567691C97CF88008AF118 /* Release */,
			);
			defaultConfigurationIsVisible = 0;
			defaultConfigurationName = Release;
		};
		0665676A1C97CF88008AF118 /* Build configuration list for PBXNativeTarget "NavJsSwiftDemo" */ = {
			isa = XCConfigurationList;
			buildConfigurations = (
				0665676B1C97CF88008AF118 /* Debug */,
				0665676C1C97CF88008AF118 /* Release */,
			);
			defaultConfigurationIsVisible = 0;
			defaultConfigurationName = Release;
		};
		0665676D1C97CF88008AF118 /* Build configuration list for PBXNativeTarget "NavJsSwiftDemoTests" */ = {
			isa = XCConfigurationList;
			buildConfigurations = (
				0665676E1C97CF88008AF118 /* Debug */,
				0665676F1C97CF88008AF118 /* Release */,
			);
			defaultConfigurationIsVisible = 0;
			defaultConfigurationName = Release;
		};
		066567701C97CF88008AF118 /* Build configuration list for PBXNativeTarget "NavJsSwiftDemoUITests" */ = {
			isa = XCConfigurationList;
			buildConfigurations = (
				066567711C97CF88008AF118 /* Debug */,
				066567721C97CF88008AF118 /* Release */,
			);
			defaultConfigurationIsVisible = 0;
			defaultConfigurationName = Release;
		};
/* End XCConfigurationList section */
	};
	rootObject = 0665673A1C97CF87008AF118 /* Project object */;
}
